
Microsoft Visual Studio Solution File, Format Version 12.00
# Visual Studio Version 17
VisualStudioVersion = 17.10.34928.147
MinimumVisualStudioVersion = 10.0.40219.1
Project("{FAE04EC0-301F-11D3-BF4B-00C04F79EFBC}") = "VectorGeneration", "VectorGeneration.csproj", "{C72846B8-3009-4A88-90E7-6B00D3415E21}"
EndProject
Global
	GlobalSection(SolutionConfigurationPlatforms) = preSolution
		Debug|Any CPU = Debug|Any CPU
		Release|Any CPU = Release|Any CPU
	EndGlobalSection
	GlobalSection(ProjectConfigurationPlatforms) = postSolution
		{C72846B8-3009-4A88-90E7-6B00D3415E21}.Debug|Any CPU.ActiveCfg = Debug|Any CPU
		{C72846B8-3009-4A88-90E7-6B00D3415E21}.Debug|Any CPU.Build.0 = Debug|Any CPU
		{C72846B8-3009-4A88-90E7-6B00D3415E21}.Release|Any CPU.ActiveCfg = Release|Any CPU
		{C72846B8-3009-4A88-90E7-6B00D3415E21}.Release|Any CPU.Build.0 = Release|Any CPU
	EndGlobalSection
	GlobalSection(SolutionProperties) = preSolution
		HideSolutionNode = FALSE
	EndGlobalSection
	GlobalSection(ExtensibilityGlobals) = postSolution
		SolutionGuid = {A7FE725C-B355-41D7-9336-AAEF1AAC767B}
	EndGlobalSection
EndGlobal
